
Microsoft Visual Studio Solution File, Format Version 12.00
# Visual Studio Version 16
VisualStudioVersion = 16.0.31410.357
MinimumVisualStudioVersion = 10.0.40219.1
Project("{9A19103F-16F7-4668-BE54-9A1E7A4F7556}") = "TestCrudCore", "TestCrudCore\TestCrudCore.csproj", "{90C7A269-3F12-44FA-A07F-D5D0B18A7E9B}"
EndProject
Project("{FAE04EC0-301F-11D3-BF4B-00C04F79EFBC}") = "APIGetListaMacchine", "APIGetListaMacchine\APIGetListaMacchine.csproj", "{D7B7BB93-E5DB-4D62-B0D4-27B749557168}"
EndProject
Global
	GlobalSection(SolutionConfigurationPlatforms) = preSolution
		Debug|Any CPU = Debug|Any CPU
		Release|Any CPU = Release|Any CPU
	EndGlobalSection
	GlobalSection(ProjectConfigurationPlatforms) = postSolution
		{90C7A269-3F12-44FA-A07F-D5D0B18A7E9B}.Debug|Any CPU.ActiveCfg = Debug|Any CPU
		{90C7A269-3F12-44FA-A07F-D5D0B18A7E9B}.Debug|Any CPU.Build.0 = Debug|Any CPU
		{90C7A269-3F12-44FA-A07F-D5D0B18A7E9B}.Release|Any CPU.ActiveCfg = Release|Any CPU
		{90C7A269-3F12-44FA-A07F-D5D0B18A7E9B}.Release|Any CPU.Build.0 = Release|Any CPU
		{D7B7BB93-E5DB-4D62-B0D4-27B749557168}.Debug|Any CPU.ActiveCfg = Debug|Any CPU
		{D7B7BB93-E5DB-4D62-B0D4-27B749557168}.Debug|Any CPU.Build.0 = Debug|Any CPU
		{D7B7BB93-E5DB-4D62-B0D4-27B749557168}.Release|Any CPU.ActiveCfg = Release|Any CPU
		{D7B7BB93-E5DB-4D62-B0D4-27B749557168}.Release|Any CPU.Build.0 = Release|Any CPU
	EndGlobalSection
	GlobalSection(SolutionProperties) = preSolution
		HideSolutionNode = FALSE
	EndGlobalSection
	GlobalSection(ExtensibilityGlobals) = postSolution
		SolutionGuid = {31C98FE5-0FF6-45CE-AE4F-9A02CEAD0795}
	EndGlobalSection
EndGlobal
